
Microsoft Visual Studio Solution File, Format Version 12.00
# Visual Studio 15
VisualStudioVersion = 15.0.28307.489
MinimumVisualStudioVersion = 10.0.40219.1
Project("{FAE04EC0-301F-11D3-BF4B-00C04F79EFBC}") = "library", "library\library.csproj", "{2874300D-41AF-42DB-9E63-B18FD8C0D116}"
EndProject
Global
	GlobalSection(SolutionConfigurationPlatforms) = preSolution
		Debug|Any CPU = Debug|Any CPU
		Release|Any CPU = Release|Any CPU
	EndGlobalSection
	GlobalSection(ProjectConfigurationPlatforms) = postSolution
		{2874300D-41AF-42DB-9E63-B18FD8C0D116}.Debug|Any CPU.ActiveCfg = Debug|Any CPU
		{2874300D-41AF-42DB-9E63-B18FD8C0D116}.Debug|Any CPU.Build.0 = Debug|Any CPU
		{2874300D-41AF-42DB-9E63-B18FD8C0D116}.Release|Any CPU.ActiveCfg = Release|Any CPU
		{2874300D-41AF-42DB-9E63-B18FD8C0D116}.Release|Any CPU.Build.0 = Release|Any CPU
	EndGlobalSection
	GlobalSection(SolutionProperties) = preSolution
		HideSolutionNode = FALSE
	EndGlobalSection
	GlobalSection(ExtensibilityGlobals) = postSolution
		SolutionGuid = {200106A0-BB76-427D-BE9B-94AA45C030FD}
	EndGlobalSection
EndGlobal
